// !$*UTF8*$!
{
	archiveVersion = 1;
	classes = {
	};
	objectVersion = 50;
	objects = {

/* Begin PBXBuildFile section */
		B114311B20C1307E0055EEB5 /* confuse.sh in Resources */ = {isa = PBXBuildFile; fileRef = B114311A20C1307E0055EEB5 /* confuse.sh */; };
		B114311D20C1308A0055EEB5 /* func.list in Resources */ = {isa = PBXBuildFile; fileRef = B114311C20C1308A0055EEB5 /* func.list */; };
		B1702F6E20B657870080CB57 /* AppDelegate.m in Sources */ = {isa = PBXBuildFile; fileRef = B1702F6D20B657870080CB57 /* AppDelegate.m */; };
		B1702F7120B657870080CB57 /* ViewController.m in Sources */ = {isa = PBXBuildFile; fileRef = B1702F7020B657870080CB57 /* ViewController.m */; };
		B1702F7420B657870080CB57 /* Main.storyboard in Resources */ = {isa = PBXBuildFile; fileRef = B1702F7220B657870080CB57 /* Main.storyboard */; };
		B1702F7720B657870080CB57 /* runtimeDemo.xcdatamodeld in Sources */ = {isa = PBXBuildFile; fileRef = B1702F7520B657870080CB57 /* runtimeDemo.xcdatamodeld */; };
		B1702F7920B657890080CB57 /* Assets.xcassets in Resources */ = {isa = PBXBuildFile; fileRef = B1702F7820B657890080CB57 /* Assets.xcassets */; };
		B1702F7C20B657890080CB57 /* LaunchScreen.storyboard in Resources */ = {isa = PBXBuildFile; fileRef = B1702F7A20B657890080CB57 /* LaunchScreen.storyboard */; };
		B1702F7F20B657890080CB57 /* main.m in Sources */ = {isa = PBXBuildFile; fileRef = B1702F7E20B657890080CB57 /* main.m */; };
		B1702F8920B657890080CB57 /* runtimeDemoTests.m in Sources */ = {isa = PBXBuildFile; fileRef = B1702F8820B657890080CB57 /* runtimeDemoTests.m */; };
		B1702F9420B657890080CB57 /* runtimeDemoUITests.m in Sources */ = {isa = PBXBuildFile; fileRef = B1702F9320B657890080CB57 /* runtimeDemoUITests.m */; };
		B1702FA320B6579F0080CB57 /* Person.m in Sources */ = {isa = PBXBuildFile; fileRef = B1702FA220B6579F0080CB57 /* Person.m */; };
		B1702FA620B65D9F0080CB57 /* NSArray+Much.m in Sources */ = {isa = PBXBuildFile; fileRef = B1702FA520B65D9F0080CB57 /* NSArray+Much.m */; };
/* End PBXBuildFile section */

/* Begin PBXContainerItemProxy section */
		B1702F8520B657890080CB57 /* PBXContainerItemProxy */ = {
			isa = PBXContainerItemProxy;
			containerPortal = B1702F6120B657870080CB57 /* Project object */;
			proxyType = 1;
			remoteGlobalIDString = B1702F6820B657870080CB57;
			remoteInfo = runtimeDemo;
		};
		B1702F9020B657890080CB57 /* PBXContainerItemProxy */ = {
			isa = PBXContainerItemProxy;
			containerPortal = B1702F6120B657870080CB57 /* Project object */;
			proxyType = 1;
			remoteGlobalIDString = B1702F6820B657870080CB57;
			remoteInfo = runtimeDemo;
		};
/* End PBXContainerItemProxy section */

/* Begin PBXFileReference section */
		B114311A20C1307E0055EEB5 /* confuse.sh */ = {isa = PBXFileReference; fileEncoding = 4; lastKnownFileType = text.script.sh; path = confuse.sh; sourceTree = "<group>"; };
		B114311C20C1308A0055EEB5 /* func.list */ = {isa = PBXFileReference; fileEncoding = 4; lastKnownFileType = text; path = func.list; sourceTree = "<group>"; };
		B114311E20C131110055EEB5 /* PrefixHeader.pch */ = {isa = PBXFileReference; lastKnownFileType = sourcecode.c.h; path = PrefixHeader.pch; sourceTree = "<group>"; };
		B1702F6920B657870080CB57 /* runtimeDemo.app */ = {isa = PBXFileReference; explicitFileType = wrapper.application; includeInIndex = 0; path = runtimeDemo.app; sourceTree = BUILT_PRODUCTS_DIR; };
		B1702F6C20B657870080CB57 /* AppDelegate.h */ = {isa = PBXFileReference; lastKnownFileType = sourcecode.c.h; path = AppDelegate.h; sourceTree = "<group>"; };
		B1702F6D20B657870080CB57 /* AppDelegate.m */ = {isa = PBXFileReference; lastKnownFileType = sourcecode.c.objc; path = AppDelegate.m; sourceTree = "<group>"; };
		B1702F6F20B657870080CB57 /* ViewController.h */ = {isa = PBXFileReference; lastKnownFileType = sourcecode.c.h; path = ViewController.h; sourceTree = "<group>"; };
		B1702F7020B657870080CB57 /* ViewController.m */ = {isa = PBXFileReference; lastKnownFileType = sourcecode.c.objc; path = ViewController.m; sourceTree = "<group>"; };
		B1702F7320B657870080CB57 /* Base */ = {isa = PBXFileReference; lastKnownFileType = file.storyboard; name = Base; path = Base.lproj/Main.storyboard; sourceTree = "<group>"; };
		B1702F7620B657870080CB57 /* runtimeDemo.xcdatamodel */ = {isa = PBXFileReference; lastKnownFileType = wrapper.xcdatamodel; path = runtimeDemo.xcdatamodel; sourceTree = "<group>"; };
		B1702F7820B657890080CB57 /* Assets.xcassets */ = {isa = PBXFileReference; lastKnownFileType = folder.assetcatalog; path = Assets.xcassets; sourceTree = "<group>"; };
		B1702F7B20B657890080CB57 /* Base */ = {isa = PBXFileReference; lastKnownFileType = file.storyboard; name = Base; path = Base.lproj/LaunchScreen.storyboard; sourceTree = "<group>"; };
		B1702F7D20B657890080CB57 /* Info.plist */ = {isa = PBXFileReference; lastKnownFileType = text.plist.xml; path = Info.plist; sourceTree = "<group>"; };
		B1702F7E20B657890080CB57 /* main.m */ = {isa = PBXFileReference; lastKnownFileType = sourcecode.c.objc; path = main.m; sourceTree = "<group>"; };
		B1702F8420B657890080CB57 /* runtimeDemoTests.xctest */ = {isa = PBXFileReference; explicitFileType = wrapper.cfbundle; includeInIndex = 0; path = runtimeDemoTests.xctest; sourceTree = BUILT_PRODUCTS_DIR; };
		B1702F8820B657890080CB57 /* runtimeDemoTests.m */ = {isa = PBXFileReference; lastKnownFileType = sourcecode.c.objc; path = runtimeDemoTests.m; sourceTree = "<group>"; };
		B1702F8A20B657890080CB57 /* Info.plist */ = {isa = PBXFileReference; lastKnownFileType = text.plist.xml; path = Info.plist; sourceTree = "<group>"; };
		B1702F8F20B657890080CB57 /* runtimeDemoUITests.xctest */ = {isa = PBXFileReference; explicitFileType = wrapper.cfbundle; includeInIndex = 0; path = runtimeDemoUITests.xctest; sourceTree = BUILT_PRODUCTS_DIR; };
		B1702F9320B657890080CB57 /* runtimeDemoUITests.m */ = {isa = PBXFileReference; lastKnownFileType = sourcecode.c.objc; path = runtimeDemoUITests.m; sourceTree = "<group>"; };
		B1702F9520B657890080CB57 /* Info.plist */ = {isa = PBXFileReference; lastKnownFileType = text.plist.xml; path = Info.plist; sourceTree = "<group>"; };
		B1702FA120B6579F0080CB57 /* Person.h */ = {isa = PBXFileReference; lastKnownFileType = sourcecode.c.h; path = Person.h; sourceTree = "<group>"; };
		B1702FA220B6579F0080CB57 /* Person.m */ = {isa = PBXFileReference; lastKnownFileType = sourcecode.c.objc; path = Person.m; sourceTree = "<group>"; };
		B1702FA420B65D9F0080CB57 /* NSArray+Much.h */ = {isa = PBXFileReference; lastKnownFileType = sourcecode.c.h; path = "NSArray+Much.h"; sourceTree = "<group>"; };
		B1702FA520B65D9F0080CB57 /* NSArray+Much.m */ = {isa = PBXFileReference; lastKnownFileType = sourcecode.c.objc; path = "NSArray+Much.m"; sourceTree = "<group>"; };
/* End PBXFileReference section */

/* Begin PBXFrameworksBuildPhase section */
		B1702F6620B657870080CB57 /* Frameworks */ = {
			isa = PBXFrameworksBuildPhase;
			buildActionMask = 2147483647;
			files = (
			);
			runOnlyForDeploymentPostprocessing = 0;
		};
		B1702F8120B657890080CB57 /* Frameworks */ = {
			isa = PBXFrameworksBuildPhase;
			buildActionMask = 2147483647;
			files = (
			);
			runOnlyForDeploymentPostprocessing = 0;
		};
		B1702F8C20B657890080CB57 /* Frameworks */ = {
			isa = PBXFrameworksBuildPhase;
			buildActionMask = 2147483647;
			files = (
			);
			runOnlyForDeploymentPostprocessing = 0;
		};
/* End PBXFrameworksBuildPhase section */

/* Begin PBXGroup section */
		B1702F6020B657870080CB57 = {
			isa = PBXGroup;
			children = (
				B114311C20C1308A0055EEB5 /* func.list */,
				B114311A20C1307E0055EEB5 /* confuse.sh */,
				B1702F6B20B657870080CB57 /* runtimeDemo */,
				B1702F8720B657890080CB57 /* runtimeDemoTests */,
				B1702F9220B657890080CB57 /* runtimeDemoUITests */,
				B1702F6A20B657870080CB57 /* Products */,
			);
			sourceTree = "<group>";
		};
		B1702F6A20B657870080CB57 /* Products */ = {
			isa = PBXGroup;
			children = (
				B1702F6920B657870080CB57 /* runtimeDemo.app */,
				B1702F8420B657890080CB57 /* runtimeDemoTests.xctest */,
				B1702F8F20B657890080CB57 /* runtimeDemoUITests.xctest */,
			);
			name = Products;
			sourceTree = "<group>";
		};
		B1702F6B20B657870080CB57 /* runtimeDemo */ = {
			isa = PBXGroup;
			children = (
				B1702F6C20B657870080CB57 /* AppDelegate.h */,
				B1702F6D20B657870080CB57 /* AppDelegate.m */,
				B1702F6F20B657870080CB57 /* ViewController.h */,
				B1702F7020B657870080CB57 /* ViewController.m */,
				B1702FA420B65D9F0080CB57 /* NSArray+Much.h */,
				B1702FA520B65D9F0080CB57 /* NSArray+Much.m */,
				B1702FA120B6579F0080CB57 /* Person.h */,
				B1702FA220B6579F0080CB57 /* Person.m */,
				B114311E20C131110055EEB5 /* PrefixHeader.pch */,
				B1702F7220B657870080CB57 /* Main.storyboard */,
				B1702F7820B657890080CB57 /* Assets.xcassets */,
				B1702F7A20B657890080CB57 /* LaunchScreen.storyboard */,
				B1702F7D20B657890080CB57 /* Info.plist */,
				B1702F7E20B657890080CB57 /* main.m */,
				B1702F7520B657870080CB57 /* runtimeDemo.xcdatamodeld */,
			);
			path = runtimeDemo;
			sourceTree = "<group>";
		};
		B1702F8720B657890080CB57 /* runtimeDemoTests */ = {
			isa = PBXGroup;
			children = (
				B1702F8820B657890080CB57 /* runtimeDemoTests.m */,
				B1702F8A20B657890080CB57 /* Info.plist */,
			);
			path = runtimeDemoTests;
			sourceTree = "<group>";
		};
		B1702F9220B657890080CB57 /* runtimeDemoUITests */ = {
			isa = PBXGroup;
			children = (
				B1702F9320B657890080CB57 /* runtimeDemoUITests.m */,
				B1702F9520B657890080CB57 /* Info.plist */,
			);
			path = runtimeDemoUITests;
			sourceTree = "<group>";
		};
/* End PBXGroup section */

/* Begin PBXNativeTarget section */
		B1702F6820B657870080CB57 /* runtimeDemo */ = {
			isa = PBXNativeTarget;
			buildConfigurationList = B1702F9820B657890080CB57 /* Build configuration list for PBXNativeTarget "runtimeDemo" */;
			buildPhases = (
				B1702F6520B657870080CB57 /* Sources */,
				B1702F6620B657870080CB57 /* Frameworks */,
				B1702F6720B657870080CB57 /* Resources */,
				B114311F20C132640055EEB5 /* ShellScript */,
			);
			buildRules = (
			);
			dependencies = (
			);
			name = runtimeDemo;
			productName = runtimeDemo;
			productReference = B1702F6920B657870080CB57 /* runtimeDemo.app */;
			productType = "com.apple.product-type.application";
		};
		B1702F8320B657890080CB57 /* runtimeDemoTests */ = {
			isa = PBXNativeTarget;
			buildConfigurationList = B1702F9B20B657890080CB57 /* Build configuration list for PBXNativeTarget "runtimeDemoTests" */;
			buildPhases = (
				B1702F8020B657890080CB57 /* Sources */,
				B1702F8120B657890080CB57 /* Frameworks */,
				B1702F8220B657890080CB57 /* Resources */,
			);
			buildRules = (
			);
			dependencies = (
				B1702F8620B657890080CB57 /* PBXTargetDependency */,
			);
			name = runtimeDemoTests;
			productName = runtimeDemoTests;
			productReference = B1702F8420B657890080CB57 /* runtimeDemoTests.xctest */;
			productType = "com.apple.product-type.bundle.unit-test";
		};
		B1702F8E20B657890080CB57 /* runtimeDemoUITests */ = {
			isa = PBXNativeTarget;
			buildConfigurationList = B1702F9E20B657890080CB57 /* Build configuration list for PBXNativeTarget "runtimeDemoUITests" */;
			buildPhases = (
				B1702F8B20B657890080CB57 /* Sources */,
				B1702F8C20B657890080CB57 /* Frameworks */,
				B1702F8D20B657890080CB57 /* Resources */,
			);
			buildRules = (
			);
			dependencies = (
				B1702F9120B657890080CB57 /* PBXTargetDependency */,
			);
			name = runtimeDemoUITests;
			productName = runtimeDemoUITests;
			productReference = B1702F8F20B657890080CB57 /* runtimeDemoUITests.xctest */;
			productType = "com.apple.product-type.bundle.ui-testing";
		};
/* End PBXNativeTarget section */

/* Begin PBXProject section */
		B1702F6120B657870080CB57 /* Project object */ = {
			isa = PBXProject;
			attributes = {
				LastUpgradeCheck = 0930;
				ORGANIZATIONNAME = "赵明亮";
				TargetAttributes = {
					B1702F6820B657870080CB57 = {
						CreatedOnToolsVersion = 9.3;
					};
					B1702F8320B657890080CB57 = {
						CreatedOnToolsVersion = 9.3;
						TestTargetID = B1702F6820B657870080CB57;
					};
					B1702F8E20B657890080CB57 = {
						CreatedOnToolsVersion = 9.3;
						TestTargetID = B1702F6820B657870080CB57;
					};
				};
			};
			buildConfigurationList = B1702F6420B657870080CB57 /* Build configuration list for PBXProject "runtimeDemo" */;
			compatibilityVersion = "Xcode 9.3";
			developmentRegion = en;
			hasScannedForEncodings = 0;
			knownRegions = (
				en,
				Base,
			);
			mainGroup = B1702F6020B657870080CB57;
			productRefGroup = B1702F6A20B657870080CB57 /* Products */;
			projectDirPath = "";
			projectRoot = "";
			targets = (
				B1702F6820B657870080CB57 /* runtimeDemo */,
				B1702F8320B657890080CB57 /* runtimeDemoTests */,
				B1702F8E20B657890080CB57 /* runtimeDemoUITests */,
			);
		};
/* End PBXProject section */

/* Begin PBXResourcesBuildPhase section */
		B1702F6720B657870080CB57 /* Resources */ = {
			isa = PBXResourcesBuildPhase;
			buildActionMask = 2147483647;
			files = (
				B1702F7C20B657890080CB57 /* LaunchScreen.storyboard in Resources */,
				B114311D20C1308A0055EEB5 /* func.list in Resources */,
				B1702F7920B657890080CB57 /* Assets.xcassets in Resources */,
				B114311B20C1307E0055EEB5 /* confuse.sh in Resources */,
				B1702F7420B657870080CB57 /* Main.storyboard in Resources */,
			);
			runOnlyForDeploymentPostprocessing = 0;
		};
		B1702F8220B657890080CB57 /* Resources */ = {
			isa = PBXResourcesBuildPhase;
			buildActionMask = 2147483647;
			files = (
			);
			runOnlyForDeploymentPostprocessing = 0;
		};
		B1702F8D20B657890080CB57 /* Resources */ = {
			isa = PBXResourcesBuildPhase;
			buildActionMask = 2147483647;
			files = (
			);
			runOnlyForDeploymentPostprocessing = 0;
		};
/* End PBXResourcesBuildPhase section */

/* Begin PBXShellScriptBuildPhase section */
		B114311F20C132640055EEB5 /* ShellScript */ = {
			isa = PBXShellScriptBuildPhase;
			buildActionMask = 2147483647;
			files = (
			);
			inputPaths = (
			);
			outputPaths = (
			);
			runOnlyForDeploymentPostprocessing = 0;
			shellPath = /bin/sh;
			shellScript = "$PROJECT_DIR/confuse.sh\n";
		};
/* End PBXShellScriptBuildPhase section */

/* Begin PBXSourcesBuildPhase section */
		B1702F6520B657870080CB57 /* Sources */ = {
			isa = PBXSourcesBuildPhase;
			buildActionMask = 2147483647;
			files = (
				B1702F7120B657870080CB57 /* ViewController.m in Sources */,
				B1702F7720B657870080CB57 /* runtimeDemo.xcdatamodeld in Sources */,
				B1702FA320B6579F0080CB57 /* Person.m in Sources */,
				B1702FA620B65D9F0080CB57 /* NSArray+Much.m in Sources */,
				B1702F7F20B657890080CB57 /* main.m in Sources */,
				B1702F6E20B657870080CB57 /* AppDelegate.m in Sources */,
			);
			runOnlyForDeploymentPostprocessing = 0;
		};
		B1702F8020B657890080CB57 /* Sources */ = {
			isa = PBXSourcesBuildPhase;
			buildActionMask = 2147483647;
			files = (
				B1702F8920B657890080CB57 /* runtimeDemoTests.m in Sources */,
			);
			runOnlyForDeploymentPostprocessing = 0;
		};
		B1702F8B20B657890080CB57 /* Sources */ = {
			isa = PBXSourcesBuildPhase;
			buildActionMask = 2147483647;
			files = (
				B1702F9420B657890080CB57 /* runtimeDemoUITests.m in Sources */,
			);
			runOnlyForDeploymentPostprocessing = 0;
		};
/* End PBXSourcesBuildPhase section */

/* Begin PBXTargetDependency section */
		B1702F8620B657890080CB57 /* PBXTargetDependency */ = {
			isa = PBXTargetDependency;
			target = B1702F6820B657870080CB57 /* runtimeDemo */;
			targetProxy = B1702F8520B657890080CB57 /* PBXContainerItemProxy */;
		};
		B1702F9120B657890080CB57 /* PBXTargetDependency */ = {
			isa = PBXTargetDependency;
			target = B1702F6820B657870080CB57 /* runtimeDemo */;
			targetProxy = B1702F9020B657890080CB57 /* PBXContainerItemProxy */;
		};
/* End PBXTargetDependency section */

/* Begin PBXVariantGroup section */
		B1702F7220B657870080CB57 /* Main.storyboard */ = {
			isa = PBXVariantGroup;
			children = (
				B1702F7320B657870080CB57 /* Base */,
			);
			name = Main.storyboard;
			sourceTree = "<group>";
		};
		B1702F7A20B657890080CB57 /* LaunchScreen.storyboard */ = {
			isa = PBXVariantGroup;
			children = (
				B1702F7B20B657890080CB57 /* Base */,
			);
			name = LaunchScreen.storyboard;
			sourceTree = "<group>";
		};
/* End PBXVariantGroup section */

/* Begin XCBuildConfiguration section */
		B1702F9620B657890080CB57 /* Debug */ = {
			isa = XCBuildConfiguration;
			buildSettings = {
				ALWAYS_SEARCH_USER_PATHS = NO;
				CLANG_ANALYZER_NONNULL = YES;
				CLANG_ANALYZER_NUMBER_OBJECT_CONVERSION = YES_AGGRESSIVE;
				CLANG_CXX_LANGUAGE_STANDARD = "gnu++14";
				CLANG_CXX_LIBRARY = "libc++";
				CLANG_ENABLE_MODULES = YES;
				CLANG_ENABLE_OBJC_ARC = YES;
				CLANG_ENABLE_OBJC_WEAK = YES;
				CLANG_WARN_BLOCK_CAPTURE_AUTORELEASING = YES;
				CLANG_WARN_BOOL_CONVERSION = YES;
				CLANG_WARN_COMMA = YES;
				CLANG_WARN_CONSTANT_CONVERSION = YES;
				CLANG_WARN_DEPRECATED_OBJC_IMPLEMENTATIONS = YES;
				CLANG_WARN_DIRECT_OBJC_ISA_USAGE = YES_ERROR;
				CLANG_WARN_DOCUMENTATION_COMMENTS = YES;
				CLANG_WARN_EMPTY_BODY = YES;
				CLANG_WARN_ENUM_CONVERSION = YES;
				CLANG_WARN_INFINITE_RECURSION = YES;
				CLANG_WARN_INT_CONVERSION = YES;
				CLANG_WARN_NON_LITERAL_NULL_CONVERSION = YES;
				CLANG_WARN_OBJC_IMPLICIT_RETAIN_SELF = YES;
				CLANG_WARN_OBJC_LITERAL_CONVERSION = YES;
				CLANG_WARN_OBJC_ROOT_CLASS = YES_ERROR;
				CLANG_WARN_RANGE_LOOP_ANALYSIS = YES;
				CLANG_WARN_STRICT_PROTOTYPES = YES;
				CLANG_WARN_SUSPICIOUS_MOVE = YES;
				CLANG_WARN_UNGUARDED_AVAILABILITY = YES_AGGRESSIVE;
				CLANG_WARN_UNREACHABLE_CODE = YES;
				CLANG_WARN__DUPLICATE_METHOD_MATCH = YES;
				CODE_SIGN_IDENTITY = "iPhone Developer";
				COPY_PHASE_STRIP = NO;
				DEBUG_INFORMATION_FORMAT = dwarf;
				ENABLE_STRICT_OBJC_MSGSEND = YES;
				ENABLE_TESTABILITY = YES;
				GCC_C_LANGUAGE_STANDARD = gnu11;
				GCC_DYNAMIC_NO_PIC = NO;
				GCC_NO_COMMON_BLOCKS = YES;
				GCC_OPTIMIZATION_LEVEL = 0;
				GCC_PREPROCESSOR_DEFINITIONS = (
					"DEBUG=1",
					"$(inherited)",
				);
				GCC_WARN_64_TO_32_BIT_CONVERSION = YES;
				GCC_WARN_ABOUT_RETURN_TYPE = YES_ERROR;
				GCC_WARN_UNDECLARED_SELECTOR = YES;
				GCC_WARN_UNINITIALIZED_AUTOS = YES_AGGRESSIVE;
				GCC_WARN_UNUSED_FUNCTION = YES;
				GCC_WARN_UNUSED_VARIABLE = YES;
				IPHONEOS_DEPLOYMENT_TARGET = 11.3;
				MTL_ENABLE_DEBUG_INFO = YES;
				ONLY_ACTIVE_ARCH = YES;
				SDKROOT = iphoneos;
			};
			name = Debug;
		};
		B1702F9720B657890080CB57 /* Release */ = {
			isa = XCBuildConfiguration;
			buildSettings = {
				ALWAYS_SEARCH_USER_PATHS = NO;
				CLANG_ANALYZER_NONNULL = YES;
				CLANG_ANALYZER_NUMBER_OBJECT_CONVERSION = YES_AGGRESSIVE;
				CLANG_CXX_LANGUAGE_STANDARD = "gnu++14";
				CLANG_CXX_LIBRARY = "libc++";
				CLANG_ENABLE_MODULES = YES;
				CLANG_ENABLE_OBJC_ARC = YES;
				CLANG_ENABLE_OBJC_WEAK = YES;
				CLANG_WARN_BLOCK_CAPTURE_AUTORELEASING = YES;
				CLANG_WARN_BOOL_CONVERSION = YES;
				CLANG_WARN_COMMA = YES;
				CLANG_WARN_CONSTANT_CONVERSION = YES;
				CLANG_WARN_DEPRECATED_OBJC_IMPLEMENTATIONS = YES;
				CLANG_WARN_DIRECT_OBJC_ISA_USAGE = YES_ERROR;
				CLANG_WARN_DOCUMENTATION_COMMENTS = YES;
				CLANG_WARN_EMPTY_BODY = YES;
				CLANG_WARN_ENUM_CONVERSION = YES;
				CLANG_WARN_INFINITE_RECURSION = YES;
				CLANG_WARN_INT_CONVERSION = YES;
				CLANG_WARN_NON_LITERAL_NULL_CONVERSION = YES;
				CLANG_WARN_OBJC_IMPLICIT_RETAIN_SELF = YES;
				CLANG_WARN_OBJC_LITERAL_CONVERSION = YES;
				CLANG_WARN_OBJC_ROOT_CLASS = YES_ERROR;
				CLANG_WARN_RANGE_LOOP_ANALYSIS = YES;
				CLANG_WARN_STRICT_PROTOTYPES = YES;
				CLANG_WARN_SUSPICIOUS_MOVE = YES;
				CLANG_WARN_UNGUARDED_AVAILABILITY = YES_AGGRESSIVE;
				CLANG_WARN_UNREACHABLE_CODE = YES;
				CLANG_WARN__DUPLICATE_METHOD_MATCH = YES;
				CODE_SIGN_IDENTITY = "iPhone Developer";
				COPY_PHASE_STRIP = NO;
				DEBUG_INFORMATION_FORMAT = "dwarf-with-dsym";
				ENABLE_NS_ASSERTIONS = NO;
				ENABLE_STRICT_OBJC_MSGSEND = YES;
				GCC_C_LANGUAGE_STANDARD = gnu11;
				GCC_NO_COMMON_BLOCKS = YES;
				GCC_WARN_64_TO_32_BIT_CONVERSION = YES;
				GCC_WARN_ABOUT_RETURN_TYPE = YES_ERROR;
				GCC_WARN_UNDECLARED_SELECTOR = YES;
				GCC_WARN_UNINITIALIZED_AUTOS = YES_AGGRESSIVE;
				GCC_WARN_UNUSED_FUNCTION = YES;
				GCC_WARN_UNUSED_VARIABLE = YES;
				IPHONEOS_DEPLOYMENT_TARGET = 11.3;
				MTL_ENABLE_DEBUG_INFO = NO;
				SDKROOT = iphoneos;
				VALIDATE_PRODUCT = YES;
			};
			name = Release;
		};
		B1702F9920B657890080CB57 /* Debug */ = {
			isa = XCBuildConfiguration;
			buildSettings = {
				ASSETCATALOG_COMPILER_APPICON_NAME = AppIcon;
				CODE_SIGN_STYLE = Automatic;
				ENABLE_STRICT_OBJC_MSGSEND = NO;
				GCC_PREFIX_HEADER = "$(SRCROOT)/runtimeDemo/PrefixHeader.pch";
				INFOPLIST_FILE = runtimeDemo/Info.plist;
				LD_RUNPATH_SEARCH_PATHS = (
					"$(inherited)",
					"@executable_path/Frameworks",
				);
				PRODUCT_BUNDLE_IDENTIFIER = com.dididoctor.doctor.runtimeDemo;
				PRODUCT_NAME = "$(TARGET_NAME)";
				TARGETED_DEVICE_FAMILY = "1,2";
			};
			name = Debug;
		};
		B1702F9A20B657890080CB57 /* Release */ = {
			isa = XCBuildConfiguration;
			buildSettings = {
				ASSETCATALOG_COMPILER_APPICON_NAME = AppIcon;
				CODE_SIGN_STYLE = Automatic;
				ENABLE_STRICT_OBJC_MSGSEND = NO;
				GCC_PREFIX_HEADER = "$(SRCROOT)/runtimeDemo/PrefixHeader.pch";
				INFOPLIST_FILE = runtimeDemo/Info.plist;
				LD_RUNPATH_SEARCH_PATHS = (
					"$(inherited)",
					"@executable_path/Frameworks",
				);
				PRODUCT_BUNDLE_IDENTIFIER = com.dididoctor.doctor.runtimeDemo;
				PRODUCT_NAME = "$(TARGET_NAME)";
				TARGETED_DEVICE_FAMILY = "1,2";
			};
			name = Release;
		};
		B1702F9C20B657890080CB57 /* Debug */ = {
			isa = XCBuildConfiguration;
			buildSettings = {
				BUNDLE_LOADER = "$(TEST_HOST)";
				CODE_SIGN_STYLE = Automatic;
				INFOPLIST_FILE = runtimeDemoTests/Info.plist;
				LD_RUNPATH_SEARCH_PATHS = (
					"$(inherited)",
					"@executable_path/Frameworks",
					"@loader_path/Frameworks",
				);
				PRODUCT_BUNDLE_IDENTIFIER = com.dididoctor.doctor.runtimeDemoTests;
				PRODUCT_NAME = "$(TARGET_NAME)";
				TARGETED_DEVICE_FAMILY = "1,2";
				TEST_HOST = "$(BUILT_PRODUCTS_DIR)/runtimeDemo.app/runtimeDemo";
			};
			name = Debug;
		};
		B1702F9D20B657890080CB57 /* Release */ = {
			isa = XCBuildConfiguration;
			buildSettings = {
				BUNDLE_LOADER = "$(TEST_HOST)";
				CODE_SIGN_STYLE = Automatic;
				INFOPLIST_FILE = runtimeDemoTests/Info.plist;
				LD_RUNPATH_SEARCH_PATHS = (
					"$(inherited)",
					"@executable_path/Frameworks",
					"@loader_path/Frameworks",
				);
				PRODUCT_BUNDLE_IDENTIFIER = com.dididoctor.doctor.runtimeDemoTests;
				PRODUCT_NAME = "$(TARGET_NAME)";
				TARGETED_DEVICE_FAMILY = "1,2";
				TEST_HOST = "$(BUILT_PRODUCTS_DIR)/runtimeDemo.app/runtimeDemo";
			};
			name = Release;
		};
		B1702F9F20B657890080CB57 /* Debug */ = {
			isa = XCBuildConfiguration;
			buildSettings = {
				CODE_SIGN_STYLE = Automatic;
				INFOPLIST_FILE = runtimeDemoUITests/Info.plist;
				LD_RUNPATH_SEARCH_PATHS = (
					"$(inherited)",
					"@executable_path/Frameworks",
					"@loader_path/Frameworks",
				);
				PRODUCT_BUNDLE_IDENTIFIER = com.dididoctor.doctor.runtimeDemoUITests;
				PRODUCT_NAME = "$(TARGET_NAME)";
				TARGETED_DEVICE_FAMILY = "1,2";
				TEST_TARGET_NAME = runtimeDemo;
			};
			name = Debug;
		};
		B1702FA020B657890080CB57 /* Release */ = {
			isa = XCBuildConfiguration;
			buildSettings = {
				CODE_SIGN_STYLE = Automatic;
				INFOPLIST_FILE = runtimeDemoUITests/Info.plist;
				LD_RUNPATH_SEARCH_PATHS = (
					"$(inherited)",
					"@executable_path/Frameworks",
					"@loader_path/Frameworks",
				);
				PRODUCT_BUNDLE_IDENTIFIER = com.dididoctor.doctor.runtimeDemoUITests;
				PRODUCT_NAME = "$(TARGET_NAME)";
				TARGETED_DEVICE_FAMILY = "1,2";
				TEST_TARGET_NAME = runtimeDemo;
			};
			name = Release;
		};
/* End XCBuildConfiguration section */

/* Begin XCConfigurationList section */
		B1702F6420B657870080CB57 /* Build configuration list for PBXProject "runtimeDemo" */ = {
			isa = XCConfigurationList;
			buildConfigurations = (
				B1702F9620B657890080CB57 /* Debug */,
				B1702F9720B657890080CB57 /* Release */,
			);
			defaultConfigurationIsVisible = 0;
			defaultConfigurationName = Release;
		};
		B1702F9820B657890080CB57 /* Build configuration list for PBXNativeTarget "runtimeDemo" */ = {
			isa = XCConfigurationList;
			buildConfigurations = (
				B1702F9920B657890080CB57 /* Debug */,
				B1702F9A20B657890080CB57 /* Release */,
			);
			defaultConfigurationIsVisible = 0;
			defaultConfigurationName = Release;
		};
		B1702F9B20B657890080CB57 /* Build configuration list for PBXNativeTarget "runtimeDemoTests" */ = {
			isa = XCConfigurationList;
			buildConfigurations = (
				B1702F9C20B657890080CB57 /* Debug */,
				B1702F9D20B657890080CB57 /* Release */,
			);
			defaultConfigurationIsVisible = 0;
			defaultConfigurationName = Release;
		};
		B1702F9E20B657890080CB57 /* Build configuration list for PBXNativeTarget "runtimeDemoUITests" */ = {
			isa = XCConfigurationList;
			buildConfigurations = (
				B1702F9F20B657890080CB57 /* Debug */,
				B1702FA020B657890080CB57 /* Release */,
			);
			defaultConfigurationIsVisible = 0;
			defaultConfigurationName = Release;
		};
/* End XCConfigurationList section */

/* Begin XCVersionGroup section */
		B1702F7520B657870080CB57 /* runtimeDemo.xcdatamodeld */ = {
			isa = XCVersionGroup;
			children = (
				B1702F7620B657870080CB57 /* runtimeDemo.xcdatamodel */,
			);
			currentVersion = B1702F7620B657870080CB57 /* runtimeDemo.xcdatamodel */;
			path = runtimeDemo.xcdatamodeld;
			sourceTree = "<group>";
			versionGroupType = wrapper.xcdatamodel;
		};
/* End XCVersionGroup section */
	};
	rootObject = B1702F6120B657870080CB57 /* Project object */;
}
